
Microsoft Visual Studio Solution File, Format Version 12.00
Project("{FAE04EC0-301F-11D3-BF4B-00C04F79EFBC}") = "UnitTestApp", "UnitTestApp\UnitTestApp.csproj", "{1E2AEA5F-5B31-4D92-AD6B-DA478D811F7F}"
EndProject
Project("{FAE04EC0-301F-11D3-BF4B-00C04F79EFBC}") = "UnitTestApp.Tests", "UnitTestApp.Tests\UnitTestApp.Tests.csproj", "{31565FB6-3964-4B12-AA64-1FAAC7E50A2D}"
EndProject
Global
	GlobalSection(SolutionConfigurationPlatforms) = preSolution
		Debug|Any CPU = Debug|Any CPU
		Release|Any CPU = Release|Any CPU
	EndGlobalSection
	GlobalSection(ProjectConfigurationPlatforms) = postSolution
		{1E2AEA5F-5B31-4D92-AD6B-DA478D811F7F}.Debug|Any CPU.ActiveCfg = Debug|Any CPU
		{1E2AEA5F-5B31-4D92-AD6B-DA478D811F7F}.Debug|Any CPU.Build.0 = Debug|Any CPU
		{1E2AEA5F-5B31-4D92-AD6B-DA478D811F7F}.Release|Any CPU.ActiveCfg = Release|Any CPU
		{1E2AEA5F-5B31-4D92-AD6B-DA478D811F7F}.Release|Any CPU.Build.0 = Release|Any CPU
		{31565FB6-3964-4B12-AA64-1FAAC7E50A2D}.Debug|Any CPU.ActiveCfg = Debug|Any CPU
		{31565FB6-3964-4B12-AA64-1FAAC7E50A2D}.Debug|Any CPU.Build.0 = Debug|Any CPU
		{31565FB6-3964-4B12-AA64-1FAAC7E50A2D}.Release|Any CPU.ActiveCfg = Release|Any CPU
		{31565FB6-3964-4B12-AA64-1FAAC7E50A2D}.Release|Any CPU.Build.0 = Release|Any CPU
	EndGlobalSection
EndGlobal
